
Microsoft Visual Studio Solution File, Format Version 12.00
# Visual Studio Version 17
VisualStudioVersion = 17.9.34616.47
MinimumVisualStudioVersion = 10.0.40219.1
Project("{FAE04EC0-301F-11D3-BF4B-00C04F79EFBC}") = "Inventory Management System", "Inventory Management System\Inventory Management System.csproj", "{2C8555C6-F825-401D-9E95-A65603445A9D}"
EndProject
Global
	GlobalSection(SolutionConfigurationPlatforms) = preSolution
		Debug|Any CPU = Debug|Any CPU
		Release|Any CPU = Release|Any CPU
	EndGlobalSection
	GlobalSection(ProjectConfigurationPlatforms) = postSolution
		{2C8555C6-F825-401D-9E95-A65603445A9D}.Debug|Any CPU.ActiveCfg = Debug|Any CPU
		{2C8555C6-F825-401D-9E95-A65603445A9D}.Debug|Any CPU.Build.0 = Debug|Any CPU
		{2C8555C6-F825-401D-9E95-A65603445A9D}.Release|Any CPU.ActiveCfg = Release|Any CPU
		{2C8555C6-F825-401D-9E95-A65603445A9D}.Release|Any CPU.Build.0 = Release|Any CPU
	EndGlobalSection
	GlobalSection(SolutionProperties) = preSolution
		HideSolutionNode = FALSE
	EndGlobalSection
	GlobalSection(ExtensibilityGlobals) = postSolution
		SolutionGuid = {A4127E9B-4E64-4BB4-91AD-9399DBD0E7C1}
	EndGlobalSection
EndGlobal
